
Microsoft Visual Studio Solution File, Format Version 12.00
# Visual Studio 2013
VisualStudioVersion = 12.0.21005.1
MinimumVisualStudioVersion = 10.0.40219.1
Project("{FAE04EC0-301F-11D3-BF4B-00C04F79EFBC}") = "AppDemo", "AppDemo\AppDemo.csproj", "{CFE9B4CD-C3C9-4F22-965B-1EBE5D84E155}"
EndProject
Project("{FAE04EC0-301F-11D3-BF4B-00C04F79EFBC}") = "RemotingApp", "RemotingApp\RemotingApp.csproj", "{F3EDE8BD-8E27-4655-9755-9A415F73FC8A}"
EndProject
Project("{FAE04EC0-301F-11D3-BF4B-00C04F79EFBC}") = "ClientCall", "ClientCall\ClientCall.csproj", "{1CE346A6-CDB5-49FF-A590-0D39CD6AE475}"
EndProject
Project("{FAE04EC0-301F-11D3-BF4B-00C04F79EFBC}") = "Services", "Services\Services.csproj", "{8AD7DF52-A8BD-44F0-B1BD-AA695AAB65B4}"
EndProject
Project("{2150E333-8FDC-42A3-9474-1A3956D46DE8}") = "Base", "Base", "{722F6D93-D47E-4D24-BF0B-89D13B17C67B}"
EndProject
Project("{2150E333-8FDC-42A3-9474-1A3956D46DE8}") = "CallBack", "CallBack", "{F78F8E43-1B34-4BD4-9E9A-B3C727133AD1}"
EndProject
Project("{FAE04EC0-301F-11D3-BF4B-00C04F79EFBC}") = "ShareAssembly", "ShareAssembly\ShareAssembly.csproj", "{81902E52-DDF7-4B2E-A597-EC3A01D89FB0}"
EndProject
Project("{FAE04EC0-301F-11D3-BF4B-00C04F79EFBC}") = "ClientCall", "Client\ClientCall.csproj", "{609CBF01-BDF6-4DE0-95F8-914A3FF34B77}"
EndProject
Project("{FAE04EC0-301F-11D3-BF4B-00C04F79EFBC}") = "ServerHost", "ServerHost\ServerHost.csproj", "{3BAE9390-2B81-45D2-B72F-4112E9FF914E}"
EndProject
Global
	GlobalSection(SolutionConfigurationPlatforms) = preSolution
		Debug|Any CPU = Debug|Any CPU
		Release|Any CPU = Release|Any CPU
	EndGlobalSection
	GlobalSection(ProjectConfigurationPlatforms) = postSolution
		{CFE9B4CD-C3C9-4F22-965B-1EBE5D84E155}.Debug|Any CPU.ActiveCfg = Debug|Any CPU
		{CFE9B4CD-C3C9-4F22-965B-1EBE5D84E155}.Debug|Any CPU.Build.0 = Debug|Any CPU
		{CFE9B4CD-C3C9-4F22-965B-1EBE5D84E155}.Release|Any CPU.ActiveCfg = Release|Any CPU
		{CFE9B4CD-C3C9-4F22-965B-1EBE5D84E155}.Release|Any CPU.Build.0 = Release|Any CPU
		{F3EDE8BD-8E27-4655-9755-9A415F73FC8A}.Debug|Any CPU.ActiveCfg = Debug|Any CPU
		{F3EDE8BD-8E27-4655-9755-9A415F73FC8A}.Debug|Any CPU.Build.0 = Debug|Any CPU
		{F3EDE8BD-8E27-4655-9755-9A415F73FC8A}.Release|Any CPU.ActiveCfg = Release|Any CPU
		{F3EDE8BD-8E27-4655-9755-9A415F73FC8A}.Release|Any CPU.Build.0 = Release|Any CPU
		{1CE346A6-CDB5-49FF-A590-0D39CD6AE475}.Debug|Any CPU.ActiveCfg = Debug|Any CPU
		{1CE346A6-CDB5-49FF-A590-0D39CD6AE475}.Debug|Any CPU.Build.0 = Debug|Any CPU
		{1CE346A6-CDB5-49FF-A590-0D39CD6AE475}.Release|Any CPU.ActiveCfg = Release|Any CPU
		{1CE346A6-CDB5-49FF-A590-0D39CD6AE475}.Release|Any CPU.Build.0 = Release|Any CPU
		{8AD7DF52-A8BD-44F0-B1BD-AA695AAB65B4}.Debug|Any CPU.ActiveCfg = Debug|Any CPU
		{8AD7DF52-A8BD-44F0-B1BD-AA695AAB65B4}.Debug|Any CPU.Build.0 = Debug|Any CPU
		{8AD7DF52-A8BD-44F0-B1BD-AA695AAB65B4}.Release|Any CPU.ActiveCfg = Release|Any CPU
		{8AD7DF52-A8BD-44F0-B1BD-AA695AAB65B4}.Release|Any CPU.Build.0 = Release|Any CPU
		{81902E52-DDF7-4B2E-A597-EC3A01D89FB0}.Debug|Any CPU.ActiveCfg = Debug|Any CPU
		{81902E52-DDF7-4B2E-A597-EC3A01D89FB0}.Debug|Any CPU.Build.0 = Debug|Any CPU
		{81902E52-DDF7-4B2E-A597-EC3A01D89FB0}.Release|Any CPU.ActiveCfg = Release|Any CPU
		{81902E52-DDF7-4B2E-A597-EC3A01D89FB0}.Release|Any CPU.Build.0 = Release|Any CPU
		{609CBF01-BDF6-4DE0-95F8-914A3FF34B77}.Debug|Any CPU.ActiveCfg = Debug|Any CPU
		{609CBF01-BDF6-4DE0-95F8-914A3FF34B77}.Debug|Any CPU.Build.0 = Debug|Any CPU
		{609CBF01-BDF6-4DE0-95F8-914A3FF34B77}.Release|Any CPU.ActiveCfg = Release|Any CPU
		{609CBF01-BDF6-4DE0-95F8-914A3FF34B77}.Release|Any CPU.Build.0 = Release|Any CPU
		{3BAE9390-2B81-45D2-B72F-4112E9FF914E}.Debug|Any CPU.ActiveCfg = Debug|Any CPU
		{3BAE9390-2B81-45D2-B72F-4112E9FF914E}.Debug|Any CPU.Build.0 = Debug|Any CPU
		{3BAE9390-2B81-45D2-B72F-4112E9FF914E}.Release|Any CPU.ActiveCfg = Release|Any CPU
		{3BAE9390-2B81-45D2-B72F-4112E9FF914E}.Release|Any CPU.Build.0 = Release|Any CPU
	EndGlobalSection
	GlobalSection(SolutionProperties) = preSolution
		HideSolutionNode = FALSE
	EndGlobalSection
	GlobalSection(NestedProjects) = preSolution
		{CFE9B4CD-C3C9-4F22-965B-1EBE5D84E155} = {722F6D93-D47E-4D24-BF0B-89D13B17C67B}
		{1CE346A6-CDB5-49FF-A590-0D39CD6AE475} = {722F6D93-D47E-4D24-BF0B-89D13B17C67B}
		{F3EDE8BD-8E27-4655-9755-9A415F73FC8A} = {722F6D93-D47E-4D24-BF0B-89D13B17C67B}
		{8AD7DF52-A8BD-44F0-B1BD-AA695AAB65B4} = {722F6D93-D47E-4D24-BF0B-89D13B17C67B}
		{81902E52-DDF7-4B2E-A597-EC3A01D89FB0} = {F78F8E43-1B34-4BD4-9E9A-B3C727133AD1}
		{609CBF01-BDF6-4DE0-95F8-914A3FF34B77} = {F78F8E43-1B34-4BD4-9E9A-B3C727133AD1}
		{3BAE9390-2B81-45D2-B72F-4112E9FF914E} = {F78F8E43-1B34-4BD4-9E9A-B3C727133AD1}
	EndGlobalSection
EndGlobal
